Microsoft Visual Studio Solution File, Format Version 11.00
# Visual Studio 2017

Project("{8BC9CEB8-8B4A-11D0-8D11-00A0C91BC942}") = "CabbagePlugin - VST", "CabbagePlugin_VST.vcxproj", "{C2BDBEDD-7191-1DC6-79D4-C1FEB9314F41}"
	ProjectSection(ProjectDependencies) = postProject
		{02372C67-70DF-22AA-662D-9E49D2128FB2} = {02372C67-70DF-22AA-662D-9E49D2128FB2}
	EndProjectSection
EndProject
Project("{8BC9CEB8-8B4A-11D0-8D11-00A0C91BC942}") = "CabbagePlugin - Shared Code", "CabbagePlugin_SharedCode.vcxproj", "{02372C67-70DF-22AA-662D-9E49D2128FB2}"
EndProject
Global
	GlobalSection(SolutionConfigurationPlatforms) = preSolution
		Debug|x64 = Debug|x64
		Release|x64 = Release|x64
	EndGlobalSection
	GlobalSection(ProjectConfigurationPlatforms) = postSolution
		{C2BDBEDD-7191-1DC6-79D4-C1FEB9314F41}.Debug|x64.ActiveCfg = Debug|x64
		{C2BDBEDD-7191-1DC6-79D4-C1FEB9314F41}.Debug|x64.Build.0 = Debug|x64
		{C2BDBEDD-7191-1DC6-79D4-C1FEB9314F41}.Release|x64.ActiveCfg = Release|x64
		{C2BDBEDD-7191-1DC6-79D4-C1FEB9314F41}.Release|x64.Build.0 = Release|x64
		{02372C67-70DF-22AA-662D-9E49D2128FB2}.Debug|x64.ActiveCfg = Debug|x64
		{02372C67-70DF-22AA-662D-9E49D2128FB2}.Debug|x64.Build.0 = Debug|x64
		{02372C67-70DF-22AA-662D-9E49D2128FB2}.Release|x64.ActiveCfg = Release|x64
		{02372C67-70DF-22AA-662D-9E49D2128FB2}.Release|x64.Build.0 = Release|x64
	EndGlobalSection
	GlobalSection(SolutionProperties) = preSolution
		HideSolutionNode = FALSE
	EndGlobalSection
EndGlobal
